
Microsoft Visual Studio Solution File, Format Version 12.00
# Visual Studio Version 17
VisualStudioVersion = 17.5.33502.453
MinimumVisualStudioVersion = 10.0.40219.1
Project("{9A19103F-16F7-4668-BE54-9A1E7A4F7556}") = "FundoNoteApplication", "FundoNoteApplication\FundoNoteApplication.csproj", "{678713BF-E4E6-4893-9437-871B74589C54}"
EndProject
Project("{9A19103F-16F7-4668-BE54-9A1E7A4F7556}") = "DataLayer", "DataLayer\DataLayer.csproj", "{708A1692-734A-426D-B112-283A7F1A1714}"
EndProject
Project("{9A19103F-16F7-4668-BE54-9A1E7A4F7556}") = "BusinessLayer", "BusinessLayer\BusinessLayer.csproj", "{5750ACB5-ED81-48C2-8B42-57772FA70660}"
EndProject
Project("{FAE04EC0-301F-11D3-BF4B-00C04F79EFBC}") = "CommonLayer", "CommonLayer\CommonLayer.csproj", "{5447A128-50F3-478D-86B9-D0FB0B142AB9}"
EndProject
Global
	GlobalSection(SolutionConfigurationPlatforms) = preSolution
		Debug|Any CPU = Debug|Any CPU
		Release|Any CPU = Release|Any CPU
	EndGlobalSection
	GlobalSection(ProjectConfigurationPlatforms) = postSolution
		{678713BF-E4E6-4893-9437-871B74589C54}.Debug|Any CPU.ActiveCfg = Debug|Any CPU
		{678713BF-E4E6-4893-9437-871B74589C54}.Debug|Any CPU.Build.0 = Debug|Any CPU
		{678713BF-E4E6-4893-9437-871B74589C54}.Release|Any CPU.ActiveCfg = Release|Any CPU
		{678713BF-E4E6-4893-9437-871B74589C54}.Release|Any CPU.Build.0 = Release|Any CPU
		{708A1692-734A-426D-B112-283A7F1A1714}.Debug|Any CPU.ActiveCfg = Debug|Any CPU
		{708A1692-734A-426D-B112-283A7F1A1714}.Debug|Any CPU.Build.0 = Debug|Any CPU
		{708A1692-734A-426D-B112-283A7F1A1714}.Release|Any CPU.ActiveCfg = Release|Any CPU
		{708A1692-734A-426D-B112-283A7F1A1714}.Release|Any CPU.Build.0 = Release|Any CPU
		{5750ACB5-ED81-48C2-8B42-57772FA70660}.Debug|Any CPU.ActiveCfg = Debug|Any CPU
		{5750ACB5-ED81-48C2-8B42-57772FA70660}.Debug|Any CPU.Build.0 = Debug|Any CPU
		{5750ACB5-ED81-48C2-8B42-57772FA70660}.Release|Any CPU.ActiveCfg = Release|Any CPU
		{5750ACB5-ED81-48C2-8B42-57772FA70660}.Release|Any CPU.Build.0 = Release|Any CPU
		{5447A128-50F3-478D-86B9-D0FB0B142AB9}.Debug|Any CPU.ActiveCfg = Debug|Any CPU
		{5447A128-50F3-478D-86B9-D0FB0B142AB9}.Debug|Any CPU.Build.0 = Debug|Any CPU
		{5447A128-50F3-478D-86B9-D0FB0B142AB9}.Release|Any CPU.ActiveCfg = Release|Any CPU
		{5447A128-50F3-478D-86B9-D0FB0B142AB9}.Release|Any CPU.Build.0 = Release|Any CPU
	EndGlobalSection
	GlobalSection(SolutionProperties) = preSolution
		HideSolutionNode = FALSE
	EndGlobalSection
	GlobalSection(ExtensibilityGlobals) = postSolution
		SolutionGuid = {9DD178FA-CB5E-4542-8804-7D983019E48E}
	EndGlobalSection
EndGlobal
